
Microsoft Visual Studio Solution File, Format Version 12.00
# Visual Studio Version 17
VisualStudioVersion = 17.14.36511.14 d17.14
MinimumVisualStudioVersion = 10.0.40219.1
Project("{FAE04EC0-301F-11D3-BF4B-00C04F79EFBC}") = "BetterMeV2VSTO", "BetterMeV2VSTO.csproj", "{5C2C0991-F62E-469A-A03F-AF95FFB876F5}"
EndProject
Global
	GlobalSection(SolutionConfigurationPlatforms) = preSolution
		Debug|Any CPU = Debug|Any CPU
		Release|Any CPU = Release|Any CPU
	EndGlobalSection
	GlobalSection(ProjectConfigurationPlatforms) = postSolution
		{5C2C0991-F62E-469A-A03F-AF95FFB876F5}.Debug|Any CPU.ActiveCfg = Debug|Any CPU
		{5C2C0991-F62E-469A-A03F-AF95FFB876F5}.Debug|Any CPU.Build.0 = Debug|Any CPU
		{5C2C0991-F62E-469A-A03F-AF95FFB876F5}.Release|Any CPU.ActiveCfg = Release|Any CPU
		{5C2C0991-F62E-469A-A03F-AF95FFB876F5}.Release|Any CPU.Build.0 = Release|Any CPU
	EndGlobalSection
	GlobalSection(SolutionProperties) = preSolution
		HideSolutionNode = FALSE
	EndGlobalSection
	GlobalSection(ExtensibilityGlobals) = postSolution
		SolutionGuid = {34FB3F43-5EB4-472B-A4F6-895DCE5BBA83}
	EndGlobalSection
EndGlobal
